
Microsoft Visual Studio Solution File, Format Version 12.00
# Visual Studio 15
VisualStudioVersion = 15.0.28307.539
MinimumVisualStudioVersion = 10.0.40219.1
Project("{FAE04EC0-301F-11D3-BF4B-00C04F79EFBC}") = "IEProject_Final", "IEProject_Final\IEProject_Final.csproj", "{5EB84C42-108E-4D70-A0B8-A553E5D19020}"
EndProject
Project("{FAE04EC0-301F-11D3-BF4B-00C04F79EFBC}") = "IEProject_Final.Tests", "IEProject_Final.Tests\IEProject_Final.Tests.csproj", "{5B3E2C10-9FAC-492B-8C50-3E59269408CE}"
EndProject
Global
	GlobalSection(SolutionConfigurationPlatforms) = preSolution
		Debug|Any CPU = Debug|Any CPU
		Release|Any CPU = Release|Any CPU
	EndGlobalSection
	GlobalSection(ProjectConfigurationPlatforms) = postSolution
		{5EB84C42-108E-4D70-A0B8-A553E5D19020}.Debug|Any CPU.ActiveCfg = Debug|Any CPU
		{5EB84C42-108E-4D70-A0B8-A553E5D19020}.Debug|Any CPU.Build.0 = Debug|Any CPU
		{5EB84C42-108E-4D70-A0B8-A553E5D19020}.Release|Any CPU.ActiveCfg = Release|Any CPU
		{5EB84C42-108E-4D70-A0B8-A553E5D19020}.Release|Any CPU.Build.0 = Release|Any CPU
		{5B3E2C10-9FAC-492B-8C50-3E59269408CE}.Debug|Any CPU.ActiveCfg = Debug|Any CPU
		{5B3E2C10-9FAC-492B-8C50-3E59269408CE}.Debug|Any CPU.Build.0 = Debug|Any CPU
		{5B3E2C10-9FAC-492B-8C50-3E59269408CE}.Release|Any CPU.ActiveCfg = Release|Any CPU
		{5B3E2C10-9FAC-492B-8C50-3E59269408CE}.Release|Any CPU.Build.0 = Release|Any CPU
	EndGlobalSection
	GlobalSection(SolutionProperties) = preSolution
		HideSolutionNode = FALSE
	EndGlobalSection
	GlobalSection(ExtensibilityGlobals) = postSolution
		SolutionGuid = {9753082C-04F4-47AA-BB31-6CFD47924B8A}
	EndGlobalSection
EndGlobal
